
Microsoft Visual Studio Solution File, Format Version 12.00
# Visual Studio Version 16
VisualStudioVersion = 16.0.29306.81
MinimumVisualStudioVersion = 10.0.40219.1
Project("{FAE04EC0-301F-11D3-BF4B-00C04F79EFBC}") = "Integrales1.0", "Integrales1.0\Integrales1.0.csproj", "{D29CF8FA-95FE-413F-859F-989DF0A4EFBA}"
EndProject
Global
	GlobalSection(SolutionConfigurationPlatforms) = preSolution
		Debug|Any CPU = Debug|Any CPU
		Release|Any CPU = Release|Any CPU
	EndGlobalSection
	GlobalSection(ProjectConfigurationPlatforms) = postSolution
		{D29CF8FA-95FE-413F-859F-989DF0A4EFBA}.Debug|Any CPU.ActiveCfg = Debug|Any CPU
		{D29CF8FA-95FE-413F-859F-989DF0A4EFBA}.Debug|Any CPU.Build.0 = Debug|Any CPU
		{D29CF8FA-95FE-413F-859F-989DF0A4EFBA}.Release|Any CPU.ActiveCfg = Release|Any CPU
		{D29CF8FA-95FE-413F-859F-989DF0A4EFBA}.Release|Any CPU.Build.0 = Release|Any CPU
	EndGlobalSection
	GlobalSection(SolutionProperties) = preSolution
		HideSolutionNode = FALSE
	EndGlobalSection
	GlobalSection(ExtensibilityGlobals) = postSolution
		SolutionGuid = {2BA55DA0-FA8A-420A-9D1A-5666B605B7CA}
	EndGlobalSection
EndGlobal
